
Microsoft Visual Studio Solution File, Format Version 9.00
# Visual Studio 2005
Project("{8BC9CEB8-8B4A-11D0-8D11-00A0C91BC942}") = "SFMLibTest", "SFMLibTest\SFMLibTest.vcproj", "{1434082A-6E09-46A4-B1F2-146B5DC3D568}"
EndProject
Global
	GlobalSection(SolutionConfigurationPlatforms) = preSolution
		Debug|Win32 = Debug|Win32
		Release|Win32 = Release|Win32
	EndGlobalSection
	GlobalSection(ProjectConfigurationPlatforms) = postSolution
		{1434082A-6E09-46A4-B1F2-146B5DC3D568}.Debug|Win32.ActiveCfg = Debug|Win32
		{1434082A-6E09-46A4-B1F2-146B5DC3D568}.Debug|Win32.Build.0 = Debug|Win32
		{1434082A-6E09-46A4-B1F2-146B5DC3D568}.Release|Win32.ActiveCfg = Release|Win32
		{1434082A-6E09-46A4-B1F2-146B5DC3D568}.Release|Win32.Build.0 = Release|Win32
	EndGlobalSection
	GlobalSection(SolutionProperties) = preSolution
		HideSolutionNode = FALSE
	EndGlobalSection
EndGlobal
